// !$*UTF8*$!
{
	archiveVersion = 1;
	classes = {
	};
	objectVersion = 77;
	objects = {

/* Begin PBXContainerItemProxy section */
		9A81BA702D04DFC8000E1C8A /* PBXContainerItemProxy */ = {
			isa = PBXContainerItemProxy;
			containerPortal = 9A81BA4D2D04DFC7000E1C8A /* Project object */;
			proxyType = 1;
			remoteGlobalIDString = 9A81BA542D04DFC7000E1C8A;
			remoteInfo = NLW;
		};
		9A81BA7A2D04DFC8000E1C8A /* PBXContainerItemProxy */ = {
			isa = PBXContainerItemProxy;
			containerPortal = 9A81BA4D2D04DFC7000E1C8A /* Project object */;
			proxyType = 1;
			remoteGlobalIDString = 9A81BA542D04DFC7000E1C8A;
			remoteInfo = NLW;
		};
/* End PBXContainerItemProxy section */

/* Begin PBXFileReference section */
		9A81BA552D04DFC7000E1C8A /* NLW.app */ = {isa = PBXFileReference; explicitFileType = wrapper.application; includeInIndex = 0; path = NLW.app; sourceTree = BUILT_PRODUCTS_DIR; };
		9A81BA6F2D04DFC8000E1C8A /* NLWTests.xctest */ = {isa = PBXFileReference; explicitFileType = wrapper.cfbundle; includeInIndex = 0; path = NLWTests.xctest; sourceTree = BUILT_PRODUCTS_DIR; };
		9A81BA792D04DFC8000E1C8A /* NLWUITests.xctest */ = {isa = PBXFileReference; explicitFileType = wrapper.cfbundle; includeInIndex = 0; path = NLWUITests.xctest; sourceTree = BUILT_PRODUCTS_DIR; };
/* End PBXFileReference section */

/* Begin PBXFileSystemSynchronizedBuildFileExceptionSet section */
		9A81BA812D04DFC8000E1C8A /* Exceptions for "NLW" folder in "NLW" target */ = {
			isa = PBXFileSystemSynchronizedBuildFileExceptionSet;
			membershipExceptions = (
				Info.plist,
			);
			target = 9A81BA542D04DFC7000E1C8A /* NLW */;
		};
/* End PBXFileSystemSynchronizedBuildFileExceptionSet section */

/* Begin PBXFileSystemSynchronizedRootGroup section */
		9A81BA572D04DFC7000E1C8A /* NLW */ = {
			isa = PBXFileSystemSynchronizedRootGroup;
			exceptions = (
				9A81BA812D04DFC8000E1C8A /* Exceptions for "NLW" folder in "NLW" target */,
			);
			path = NLW;
			sourceTree = "<group>";
		};
		9A81BA722D04DFC8000E1C8A /* NLWTests */ = {
			isa = PBXFileSystemSynchronizedRootGroup;
			path = NLWTests;
			sourceTree = "<group>";
		};
		9A81BA7C2D04DFC8000E1C8A /* NLWUITests */ = {
			isa = PBXFileSystemSynchronizedRootGroup;
			path = NLWUITests;
			sourceTree = "<group>";
		};
/* End PBXFileSystemSynchronizedRootGroup section */

/* Begin PBXFrameworksBuildPhase section */
		9A81BA522D04DFC7000E1C8A /* Frameworks */ = {
			isa = PBXFrameworksBuildPhase;
			buildActionMask = 2147483647;
			files = (
			);
			runOnlyForDeploymentPostprocessing = 0;
		};
		9A81BA6C2D04DFC8000E1C8A /* Frameworks */ = {
			isa = PBXFrameworksBuildPhase;
			buildActionMask = 2147483647;
			files = (
			);
			runOnlyForDeploymentPostprocessing = 0;
		};
		9A81BA762D04DFC8000E1C8A /* Frameworks */ = {
			isa = PBXFrameworksBuildPhase;
			buildActionMask = 2147483647;
			files = (
			);
			runOnlyForDeploymentPostprocessing = 0;
		};
/* End PBXFrameworksBuildPhase section */

/* Begin PBXGroup section */
		9A81BA4C2D04DFC7000E1C8A = {
			isa = PBXGroup;
			children = (
				9A81BA572D04DFC7000E1C8A /* NLW */,
				9A81BA722D04DFC8000E1C8A /* NLWTests */,
				9A81BA7C2D04DFC8000E1C8A /* NLWUITests */,
				9A81BA562D04DFC7000E1C8A /* Products */,
			);
			sourceTree = "<group>";
		};
		9A81BA562D04DFC7000E1C8A /* Products */ = {
			isa = PBXGroup;
			children = (
				9A81BA552D04DFC7000E1C8A /* NLW.app */,
				9A81BA6F2D04DFC8000E1C8A /* NLWTests.xctest */,
				9A81BA792D04DFC8000E1C8A /* NLWUITests.xctest */,
			);
			name = Products;
			sourceTree = "<group>";
		};
/* End PBXGroup section */

/* Begin PBXNativeTarget section */
		9A81BA542D04DFC7000E1C8A /* NLW */ = {
			isa = PBXNativeTarget;
			buildConfigurationList = 9A81BA822D04DFC8000E1C8A /* Build configuration list for PBXNativeTarget "NLW" */;
			buildPhases = (
				9A81BA512D04DFC7000E1C8A /* Sources */,
				9A81BA522D04DFC7000E1C8A /* Frameworks */,
				9A81BA532D04DFC7000E1C8A /* Resources */,
			);
			buildRules = (
			);
			dependencies = (
			);
			fileSystemSynchronizedGroups = (
				9A81BA572D04DFC7000E1C8A /* NLW */,
			);
			name = NLW;
			packageProductDependencies = (
			);
			productName = NLW;
			productReference = 9A81BA552D04DFC7000E1C8A /* NLW.app */;
			productType = "com.apple.product-type.application";
		};
		9A81BA6E2D04DFC8000E1C8A /* NLWTests */ = {
			isa = PBXNativeTarget;
			buildConfigurationList = 9A81BA872D04DFC8000E1C8A /* Build configuration list for PBXNativeTarget "NLWTests" */;
			buildPhases = (
				9A81BA6B2D04DFC8000E1C8A /* Sources */,
				9A81BA6C2D04DFC8000E1C8A /* Frameworks */,
				9A81BA6D2D04DFC8000E1C8A /* Resources */,
			);
			buildRules = (
			);
			dependencies = (
				9A81BA712D04DFC8000E1C8A /* PBXTargetDependency */,
			);
			fileSystemSynchronizedGroups = (
				9A81BA722D04DFC8000E1C8A /* NLWTests */,
			);
			name = NLWTests;
			packageProductDependencies = (
			);
			productName = NLWTests;
			productReference = 9A81BA6F2D04DFC8000E1C8A /* NLWTests.xctest */;
			productType = "com.apple.product-type.bundle.unit-test";
		};
		9A81BA782D04DFC8000E1C8A /* NLWUITests */ = {
			isa = PBXNativeTarget;
			buildConfigurationList = 9A81BA8A2D04DFC8000E1C8A /* Build configuration list for PBXNativeTarget "NLWUITests" */;
			buildPhases = (
				9A81BA752D04DFC8000E1C8A /* Sources */,
				9A81BA762D04DFC8000E1C8A /* Frameworks */,
				9A81BA772D04DFC8000E1C8A /* Resources */,
			);
			buildRules = (
			);
			dependencies = (
				9A81BA7B2D04DFC8000E1C8A /* PBXTargetDependency */,
			);
			fileSystemSynchronizedGroups = (
				9A81BA7C2D04DFC8000E1C8A /* NLWUITests */,
			);
			name = NLWUITests;
			packageProductDependencies = (
			);
			productName = NLWUITests;
			productReference = 9A81BA792D04DFC8000E1C8A /* NLWUITests.xctest */;
			productType = "com.apple.product-type.bundle.ui-testing";
		};
/* End PBXNativeTarget section */

/* Begin PBXProject section */
		9A81BA4D2D04DFC7000E1C8A /* Project object */ = {
			isa = PBXProject;
			attributes = {
				BuildIndependentTargetsInParallel = 1;
				LastSwiftUpdateCheck = 1610;
				LastUpgradeCheck = 1610;
				TargetAttributes = {
					9A81BA542D04DFC7000E1C8A = {
						CreatedOnToolsVersion = 16.1;
					};
					9A81BA6E2D04DFC8000E1C8A = {
						CreatedOnToolsVersion = 16.1;
						TestTargetID = 9A81BA542D04DFC7000E1C8A;
					};
					9A81BA782D04DFC8000E1C8A = {
						CreatedOnToolsVersion = 16.1;
						TestTargetID = 9A81BA542D04DFC7000E1C8A;
					};
				};
			};
			buildConfigurationList = 9A81BA502D04DFC7000E1C8A /* Build configuration list for PBXProject "NLW" */;
			developmentRegion = en;
			hasScannedForEncodings = 0;
			knownRegions = (
				en,
				Base,
			);
			mainGroup = 9A81BA4C2D04DFC7000E1C8A;
			minimizedProjectReferenceProxies = 1;
			preferredProjectObjectVersion = 77;
			productRefGroup = 9A81BA562D04DFC7000E1C8A /* Products */;
			projectDirPath = "";
			projectRoot = "";
			targets = (
				9A81BA542D04DFC7000E1C8A /* NLW */,
				9A81BA6E2D04DFC8000E1C8A /* NLWTests */,
				9A81BA782D04DFC8000E1C8A /* NLWUITests */,
			);
		};
/* End PBXProject section */

/* Begin PBXResourcesBuildPhase section */
		9A81BA532D04DFC7000E1C8A /* Resources */ = {
			isa = PBXResourcesBuildPhase;
			buildActionMask = 2147483647;
			files = (
			);
			runOnlyForDeploymentPostprocessing = 0;
		};
		9A81BA6D2D04DFC8000E1C8A /* Resources */ = {
			isa = PBXResourcesBuildPhase;
			buildActionMask = 2147483647;
			files = (
			);
			runOnlyForDeploymentPostprocessing = 0;
		};
		9A81BA772D04DFC8000E1C8A /* Resources */ = {
			isa = PBXResourcesBuildPhase;
			buildActionMask = 2147483647;
			files = (
			);
			runOnlyForDeploymentPostprocessing = 0;
		};
/* End PBXResourcesBuildPhase section */

/* Begin PBXSourcesBuildPhase section */
		9A81BA512D04DFC7000E1C8A /* Sources */ = {
			isa = PBXSourcesBuildPhase;
			buildActionMask = 2147483647;
			files = (
			);
			runOnlyForDeploymentPostprocessing = 0;
		};
		9A81BA6B2D04DFC8000E1C8A /* Sources */ = {
			isa = PBXSourcesBuildPhase;
			buildActionMask = 2147483647;
			files = (
			);
			runOnlyForDeploymentPostprocessing = 0;
		};
		9A81BA752D04DFC8000E1C8A /* Sources */ = {
			isa = PBXSourcesBuildPhase;
			buildActionMask = 2147483647;
			files = (
			);
			runOnlyForDeploymentPostprocessing = 0;
		};
/* End PBXSourcesBuildPhase section */

/* Begin PBXTargetDependency section */
		9A81BA712D04DFC8000E1C8A /* PBXTargetDependency */ = {
			isa = PBXTargetDependency;
			target = 9A81BA542D04DFC7000E1C8A /* NLW */;
			targetProxy = 9A81BA702D04DFC8000E1C8A /* PBXContainerItemProxy */;
		};
		9A81BA7B2D04DFC8000E1C8A /* PBXTargetDependency */ = {
			isa = PBXTargetDependency;
			target = 9A81BA542D04DFC7000E1C8A /* NLW */;
			targetProxy = 9A81BA7A2D04DFC8000E1C8A /* PBXContainerItemProxy */;
		};
/* End PBXTargetDependency section */

/* Begin XCBuildConfiguration section */
		9A81BA832D04DFC8000E1C8A /* Debug */ = {
			isa = XCBuildConfiguration;
			buildSettings = {
				ASSETCATALOG_COMPILER_APPICON_NAME = AppIcon;
				ASSETCATALOG_COMPILER_GLOBAL_ACCENT_COLOR_NAME = AccentColor;
				CODE_SIGN_ENTITLEMENTS = NLW/NLW.entitlements;
				CODE_SIGN_STYLE = Automatic;
				CURRENT_PROJECT_VERSION = 1;
				DEVELOPMENT_TEAM = 4A8KKD356C;
				GENERATE_INFOPLIST_FILE = YES;
				INFOPLIST_FILE = NLW/Info.plist;
				INFOPLIST_KEY_UIApplicationSupportsIndirectInputEvents = YES;
				INFOPLIST_KEY_UILaunchStoryboardName = LaunchScreen;
				INFOPLIST_KEY_UIMainStoryboardFile = Main;
				INFOPLIST_KEY_UISupportedInterfaceOrientations_iPad = "UIInterfaceOrientationPortrait UIInterfaceOrientationPortraitUpsideDown UIInterfaceOrientationLandscapeLeft UIInterfaceOrientationLandscapeRight";
				INFOPLIST_KEY_UISupportedInterfaceOrientations_iPhone = "UIInterfaceOrientationPortrait UIInterfaceOrientationLandscapeLeft UIInterfaceOrientationLandscapeRight";
				LD_RUNPATH_SEARCH_PATHS = (
					"$(inherited)",
					"@executable_path/Frameworks",
				);
				MARKETING_VERSION = 1.0;
				PRODUCT_BUNDLE_IDENTIFIER = com.hugoldev.NLW;
				PRODUCT_NAME = "$(TARGET_NAME)";
				SWIFT_EMIT_LOC_STRINGS = YES;
				SWIFT_VERSION = 5.0;
				TARGETED_DEVICE_FAMILY = "1,2";
			};
			name = Debug;
		};
		9A81BA842D04DFC8000E1C8A /* Release */ = {
			isa = XCBuildConfiguration;
			buildSettings = {
				ASSETCATALOG_COMPILER_APPICON_NAME = AppIcon;
				ASSETCATALOG_COMPILER_GLOBAL_ACCENT_COLOR_NAME = AccentColor;
				CODE_SIGN_ENTITLEMENTS = NLW/NLW.entitlements;
				CODE_SIGN_STYLE = Automatic;
				CURRENT_PROJECT_VERSION = 1;
				DEVELOPMENT_TEAM = 4A8KKD356C;
				GENERATE_INFOPLIST_FILE = YES;
				INFOPLIST_FILE = NLW/Info.plist;
				INFOPLIST_KEY_UIApplicationSupportsIndirectInputEvents = YES;
				INFOPLIST_KEY_UILaunchStoryboardName = LaunchScreen;
				INFOPLIST_KEY_UIMainStoryboardFile = Main;
				INFOPLIST_KEY_UISupportedInterfaceOrientations_iPad = "UIInterfaceOrientationPortrait UIInterfaceOrientationPortraitUpsideDown UIInterfaceOrientationLandscapeLeft UIInterfaceOrientationLandscapeRight";
				INFOPLIST_KEY_UISupportedInterfaceOrientations_iPhone = "UIInterfaceOrientationPortrait UIInterfaceOrientationLandscapeLeft UIInterfaceOrientationLandscapeRight";
				LD_RUNPATH_SEARCH_PATHS = (
					"$(inherited)",
					"@executable_path/Frameworks",
				);
				MARKETING_VERSION = 1.0;
				PRODUCT_BUNDLE_IDENTIFIER = com.hugoldev.NLW;
				PRODUCT_NAME = "$(TARGET_NAME)";
				SWIFT_EMIT_LOC_STRINGS = YES;
				SWIFT_VERSION = 5.0;
				TARGETED_DEVICE_FAMILY = "1,2";
			};
			name = Release;
		};
		9A81BA852D04DFC8000E1C8A /* Debug */ = {
			isa = XCBuildConfiguration;
			buildSettings = {
				ALWAYS_SEARCH_USER_PATHS = NO;
				ASSETCATALOG_COMPILER_GENERATE_SWIFT_ASSET_SYMBOL_EXTENSIONS = YES;
				CLANG_ANALYZER_NONNULL = YES;
				CLANG_ANALYZER_NUMBER_OBJECT_CONVERSION = YES_AGGRESSIVE;
				CLANG_CXX_LANGUAGE_STANDARD = "gnu++20";
				CLANG_ENABLE_MODULES = YES;
				CLANG_ENABLE_OBJC_ARC = YES;
				CLANG_ENABLE_OBJC_WEAK = YES;
				CLANG_WARN_BLOCK_CAPTURE_AUTORELEASING = YES;
				CLANG_WARN_BOOL_CONVERSION = YES;
				CLANG_WARN_COMMA = YES;
				CLANG_WARN_CONSTANT_CONVERSION = YES;
				CLANG_WARN_DEPRECATED_OBJC_IMPLEMENTATIONS = YES;
				CLANG_WARN_DIRECT_OBJC_ISA_USAGE = YES_ERROR;
				CLANG_WARN_DOCUMENTATION_COMMENTS = YES;
				CLANG_WARN_EMPTY_BODY = YES;
				CLANG_WARN_ENUM_CONVERSION = YES;
				CLANG_WARN_INFINITE_RECURSION = YES;
				CLANG_WARN_INT_CONVERSION = YES;
				CLANG_WARN_NON_LITERAL_NULL_CONVERSION = YES;
				CLANG_WARN_OBJC_IMPLICIT_RETAIN_SELF = YES;
				CLANG_WARN_OBJC_LITERAL_CONVERSION = YES;
				CLANG_WARN_OBJC_ROOT_CLASS = YES_ERROR;
				CLANG_WARN_QUOTED_INCLUDE_IN_FRAMEWORK_HEADER = YES;
				CLANG_WARN_RANGE_LOOP_ANALYSIS = YES;
				CLANG_WARN_STRICT_PROTOTYPES = YES;
				CLANG_WARN_SUSPICIOUS_MOVE = YES;
				CLANG_WARN_UNGUARDED_AVAILABILITY = YES_AGGRESSIVE;
				CLANG_WARN_UNREACHABLE_CODE = YES;
				CLANG_WARN__DUPLICATE_METHOD_MATCH = YES;
				COPY_PHASE_STRIP = NO;
				DEBUG_INFORMATION_FORMAT = dwarf;
				ENABLE_STRICT_OBJC_MSGSEND = YES;
				ENABLE_TESTABILITY = YES;
				ENABLE_USER_SCRIPT_SANDBOXING = YES;
				GCC_C_LANGUAGE_STANDARD = gnu17;
				GCC_DYNAMIC_NO_PIC = NO;
				GCC_NO_COMMON_BLOCKS = YES;
				GCC_OPTIMIZATION_LEVEL = 0;
				GCC_PREPROCESSOR_DEFINITIONS = (
					"DEBUG=1",
					"$(inherited)",
				);
				GCC_WARN_64_TO_32_BIT_CONVERSION = YES;
				GCC_WARN_ABOUT_RETURN_TYPE = YES_ERROR;
				GCC_WARN_UNDECLARED_SELECTOR = YES;
				GCC_WARN_UNINITIALIZED_AUTOS = YES_AGGRESSIVE;
				GCC_WARN_UNUSED_FUNCTION = YES;
				GCC_WARN_UNUSED_VARIABLE = YES;
				IPHONEOS_DEPLOYMENT_TARGET = 18.1;
				LOCALIZATION_PREFERS_STRING_CATALOGS = YES;
				MTL_ENABLE_DEBUG_INFO = INCLUDE_SOURCE;
				MTL_FAST_MATH = YES;
				ONLY_ACTIVE_ARCH = YES;
				SDKROOT = iphoneos;
				SWIFT_ACTIVE_COMPILATION_CONDITIONS = "DEBUG $(inherited)";
				SWIFT_OPTIMIZATION_LEVEL = "-Onone";
			};
			name = Debug;
		};
		9A81BA862D04DFC8000E1C8A /* Release */ = {
			isa = XCBuildConfiguration;
			buildSettings = {
				ALWAYS_SEARCH_USER_PATHS = NO;
				ASSETCATALOG_COMPILER_GENERATE_SWIFT_ASSET_SYMBOL_EXTENSIONS = YES;
				CLANG_ANALYZER_NONNULL = YES;
				CLANG_ANALYZER_NUMBER_OBJECT_CONVERSION = YES_AGGRESSIVE;
				CLANG_CXX_LANGUAGE_STANDARD = "gnu++20";
				CLANG_ENABLE_MODULES = YES;
				CLANG_ENABLE_OBJC_ARC = YES;
				CLANG_ENABLE_OBJC_WEAK = YES;
				CLANG_WARN_BLOCK_CAPTURE_AUTORELEASING = YES;
				CLANG_WARN_BOOL_CONVERSION = YES;
				CLANG_WARN_COMMA = YES;
				CLANG_WARN_CONSTANT_CONVERSION = YES;
				CLANG_WARN_DEPRECATED_OBJC_IMPLEMENTATIONS = YES;
				CLANG_WARN_DIRECT_OBJC_ISA_USAGE = YES_ERROR;
				CLANG_WARN_DOCUMENTATION_COMMENTS = YES;
				CLANG_WARN_EMPTY_BODY = YES;
				CLANG_WARN_ENUM_CONVERSION = YES;
				CLANG_WARN_INFINITE_RECURSION = YES;
				CLANG_WARN_INT_CONVERSION = YES;
				CLANG_WARN_NON_LITERAL_NULL_CONVERSION = YES;
				CLANG_WARN_OBJC_IMPLICIT_RETAIN_SELF = YES;
				CLANG_WARN_OBJC_LITERAL_CONVERSION = YES;
				CLANG_WARN_OBJC_ROOT_CLASS = YES_ERROR;
				CLANG_WARN_QUOTED_INCLUDE_IN_FRAMEWORK_HEADER = YES;
				CLANG_WARN_RANGE_LOOP_ANALYSIS = YES;
				CLANG_WARN_STRICT_PROTOTYPES = YES;
				CLANG_WARN_SUSPICIOUS_MOVE = YES;
				CLANG_WARN_UNGUARDED_AVAILABILITY = YES_AGGRESSIVE;
				CLANG_WARN_UNREACHABLE_CODE = YES;
				CLANG_WARN__DUPLICATE_METHOD_MATCH = YES;
				COPY_PHASE_STRIP = NO;
				DEBUG_INFORMATION_FORMAT = "dwarf-with-dsym";
				ENABLE_NS_ASSERTIONS = NO;
				ENABLE_STRICT_OBJC_MSGSEND = YES;
				ENABLE_USER_SCRIPT_SANDBOXING = YES;
				GCC_C_LANGUAGE_STANDARD = gnu17;
				GCC_NO_COMMON_BLOCKS = YES;
				GCC_WARN_64_TO_32_BIT_CONVERSION = YES;
				GCC_WARN_ABOUT_RETURN_TYPE = YES_ERROR;
				GCC_WARN_UNDECLARED_SELECTOR = YES;
				GCC_WARN_UNINITIALIZED_AUTOS = YES_AGGRESSIVE;
				GCC_WARN_UNUSED_FUNCTION = YES;
				GCC_WARN_UNUSED_VARIABLE = YES;
				IPHONEOS_DEPLOYMENT_TARGET = 18.1;
				LOCALIZATION_PREFERS_STRING_CATALOGS = YES;
				MTL_ENABLE_DEBUG_INFO = NO;
				MTL_FAST_MATH = YES;
				SDKROOT = iphoneos;
				SWIFT_COMPILATION_MODE = wholemodule;
				VALIDATE_PRODUCT = YES;
			};
			name = Release;
		};
		9A81BA882D04DFC8000E1C8A /* Debug */ = {
			isa = XCBuildConfiguration;
			buildSettings = {
				BUNDLE_LOADER = "$(TEST_HOST)";
				CODE_SIGN_STYLE = Automatic;
				CURRENT_PROJECT_VERSION = 1;
				DEVELOPMENT_TEAM = 4A8KKD356C;
				GENERATE_INFOPLIST_FILE = YES;
				IPHONEOS_DEPLOYMENT_TARGET = 18.1;
				MARKETING_VERSION = 1.0;
				PRODUCT_BUNDLE_IDENTIFIER = com.hugoldev.NLWTests;
				PRODUCT_NAME = "$(TARGET_NAME)";
				SWIFT_EMIT_LOC_STRINGS = NO;
				SWIFT_VERSION = 5.0;
				TARGETED_DEVICE_FAMILY = "1,2";
				TEST_HOST = "$(BUILT_PRODUCTS_DIR)/NLW.app/$(BUNDLE_EXECUTABLE_FOLDER_PATH)/NLW";
			};
			name = Debug;
		};
		9A81BA892D04DFC8000E1C8A /* Release */ = {
			isa = XCBuildConfiguration;
			buildSettings = {
				BUNDLE_LOADER = "$(TEST_HOST)";
				CODE_SIGN_STYLE = Automatic;
				CURRENT_PROJECT_VERSION = 1;
				DEVELOPMENT_TEAM = 4A8KKD356C;
				GENERATE_INFOPLIST_FILE = YES;
				IPHONEOS_DEPLOYMENT_TARGET = 18.1;
				MARKETING_VERSION = 1.0;
				PRODUCT_BUNDLE_IDENTIFIER = com.hugoldev.NLWTests;
				PRODUCT_NAME = "$(TARGET_NAME)";
				SWIFT_EMIT_LOC_STRINGS = NO;
				SWIFT_VERSION = 5.0;
				TARGETED_DEVICE_FAMILY = "1,2";
				TEST_HOST = "$(BUILT_PRODUCTS_DIR)/NLW.app/$(BUNDLE_EXECUTABLE_FOLDER_PATH)/NLW";
			};
			name = Release;
		};
		9A81BA8B2D04DFC8000E1C8A /* Debug */ = {
			isa = XCBuildConfiguration;
			buildSettings = {
				CODE_SIGN_STYLE = Automatic;
				CURRENT_PROJECT_VERSION = 1;
				DEVELOPMENT_TEAM = 4A8KKD356C;
				GENERATE_INFOPLIST_FILE = YES;
				MARKETING_VERSION = 1.0;
				PRODUCT_BUNDLE_IDENTIFIER = com.hugoldev.NLWUITests;
				PRODUCT_NAME = "$(TARGET_NAME)";
				SWIFT_EMIT_LOC_STRINGS = NO;
				SWIFT_VERSION = 5.0;
				TARGETED_DEVICE_FAMILY = "1,2";
				TEST_TARGET_NAME = NLW;
			};
			name = Debug;
		};
		9A81BA8C2D04DFC8000E1C8A /* Release */ = {
			isa = XCBuildConfiguration;
			buildSettings = {
				CODE_SIGN_STYLE = Automatic;
				CURRENT_PROJECT_VERSION = 1;
				DEVELOPMENT_TEAM = 4A8KKD356C;
				GENERATE_INFOPLIST_FILE = YES;
				MARKETING_VERSION = 1.0;
				PRODUCT_BUNDLE_IDENTIFIER = com.hugoldev.NLWUITests;
				PRODUCT_NAME = "$(TARGET_NAME)";
				SWIFT_EMIT_LOC_STRINGS = NO;
				SWIFT_VERSION = 5.0;
				TARGETED_DEVICE_FAMILY = "1,2";
				TEST_TARGET_NAME = NLW;
			};
			name = Release;
		};
/* End XCBuildConfiguration section */

/* Begin XCConfigurationList section */
		9A81BA502D04DFC7000E1C8A /* Build configuration list for PBXProject "NLW" */ = {
			isa = XCConfigurationList;
			buildConfigurations = (
				9A81BA852D04DFC8000E1C8A /* Debug */,
				9A81BA862D04DFC8000E1C8A /* Release */,
			);
			defaultConfigurationIsVisible = 0;
			defaultConfigurationName = Release;
		};
		9A81BA822D04DFC8000E1C8A /* Build configuration list for PBXNativeTarget "NLW" */ = {
			isa = XCConfigurationList;
			buildConfigurations = (
				9A81BA832D04DFC8000E1C8A /* Debug */,
				9A81BA842D04DFC8000E1C8A /* Release */,
			);
			defaultConfigurationIsVisible = 0;
			defaultConfigurationName = Release;
		};
		9A81BA872D04DFC8000E1C8A /* Build configuration list for PBXNativeTarget "NLWTests" */ = {
			isa = XCConfigurationList;
			buildConfigurations = (
				9A81BA882D04DFC8000E1C8A /* Debug */,
				9A81BA892D04DFC8000E1C8A /* Release */,
			);
			defaultConfigurationIsVisible = 0;
			defaultConfigurationName = Release;
		};
		9A81BA8A2D04DFC8000E1C8A /* Build configuration list for PBXNativeTarget "NLWUITests" */ = {
			isa = XCConfigurationList;
			buildConfigurations = (
				9A81BA8B2D04DFC8000E1C8A /* Debug */,
				9A81BA8C2D04DFC8000E1C8A /* Release */,
			);
			defaultConfigurationIsVisible = 0;
			defaultConfigurationName = Release;
		};
/* End XCConfigurationList section */
	};
	rootObject = 9A81BA4D2D04DFC7000E1C8A /* Project object */;
}
